// !$*UTF8*$!
{
	archiveVersion = 1;
	classes = {
	};
	objectVersion = 46;
	objects = {

/* Begin PBXBuildFile section */
		5922E41619F2C1B900EA873F /* MyProfileEditViewController.swift in Sources */ = {isa = PBXBuildFile; fileRef = 5922E41519F2C1B900EA873F /* MyProfileEditViewController.swift */; };
		5944869D19FA32E8005561A2 /* DataFile.swift in Sources */ = {isa = PBXBuildFile; fileRef = 5922E3DE19F2655700EA873F /* DataFile.swift */; };
		5953354F19EFAF6B005BD9DB /* AppDelegate.swift in Sources */ = {isa = PBXBuildFile; fileRef = 5953354E19EFAF6B005BD9DB /* AppDelegate.swift */; };
		5953355119EFAF6B005BD9DB /* contactlistViewController.swift in Sources */ = {isa = PBXBuildFile; fileRef = 5953355019EFAF6B005BD9DB /* contactlistViewController.swift */; };
		5953355319EFAF6B005BD9DB /* SecondViewController.swift in Sources */ = {isa = PBXBuildFile; fileRef = 5953355219EFAF6B005BD9DB /* SecondViewController.swift */; };
		5953355619EFAF6C005BD9DB /* Main.storyboard in Resources */ = {isa = PBXBuildFile; fileRef = 5953355419EFAF6C005BD9DB /* Main.storyboard */; };
		5953355819EFAF6C005BD9DB /* Images.xcassets in Resources */ = {isa = PBXBuildFile; fileRef = 5953355719EFAF6C005BD9DB /* Images.xcassets */; };
		5953355B19EFAF6C005BD9DB /* LaunchScreen.xib in Resources */ = {isa = PBXBuildFile; fileRef = 5953355919EFAF6C005BD9DB /* LaunchScreen.xib */; };
		5953356719EFAF6C005BD9DB /* AddrManagerTests.swift in Sources */ = {isa = PBXBuildFile; fileRef = 5953356619EFAF6C005BD9DB /* AddrManagerTests.swift */; };
		5953357119EFC1D0005BD9DB /* MyProfileViewController.swift in Sources */ = {isa = PBXBuildFile; fileRef = 5953357019EFC1D0005BD9DB /* MyProfileViewController.swift */; };
		59577E4B19F6487B00F0CB36 /* SwiftyJSON.swift in Sources */ = {isa = PBXBuildFile; fileRef = 59577E4A19F6487B00F0CB36 /* SwiftyJSON.swift */; };
/* End PBXBuildFile section */

/* Begin PBXContainerItemProxy section */
		5953356119EFAF6C005BD9DB /* PBXContainerItemProxy */ = {
			isa = PBXContainerItemProxy;
			containerPortal = 5953354119EFAF6B005BD9DB /* Project object */;
			proxyType = 1;
			remoteGlobalIDString = 5953354819EFAF6B005BD9DB;
			remoteInfo = AddrManager;
		};
/* End PBXContainerItemProxy section */

/* Begin PBXFileReference section */
		5922E3DE19F2655700EA873F /* DataFile.swift */ = {isa = PBXFileReference; fileEncoding = 4; lastKnownFileType = sourcecode.swift; path = DataFile.swift; sourceTree = "<group>"; };
		5922E41519F2C1B900EA873F /* MyProfileEditViewController.swift */ = {isa = PBXFileReference; fileEncoding = 4; lastKnownFileType = sourcecode.swift; path = MyProfileEditViewController.swift; sourceTree = "<group>"; };
		5953354919EFAF6B005BD9DB /* AddrManager.app */ = {isa = PBXFileReference; explicitFileType = wrapper.application; includeInIndex = 0; path = AddrManager.app; sourceTree = BUILT_PRODUCTS_DIR; };
		5953354D19EFAF6B005BD9DB /* Info.plist */ = {isa = PBXFileReference; lastKnownFileType = text.plist.xml; path = Info.plist; sourceTree = "<group>"; };
		5953354E19EFAF6B005BD9DB /* AppDelegate.swift */ = {isa = PBXFileReference; lastKnownFileType = sourcecode.swift; path = AppDelegate.swift; sourceTree = "<group>"; };
		5953355019EFAF6B005BD9DB /* contactlistViewController.swift */ = {isa = PBXFileReference; lastKnownFileType = sourcecode.swift; path = contactlistViewController.swift; sourceTree = "<group>"; };
		5953355219EFAF6B005BD9DB /* SecondViewController.swift */ = {isa = PBXFileReference; lastKnownFileType = sourcecode.swift; path = SecondViewController.swift; sourceTree = "<group>"; };
		5953355519EFAF6C005BD9DB /* Base */ = {isa = PBXFileReference; lastKnownFileType = file.storyboard; name = Base; path = Base.lproj/Main.storyboard; sourceTree = "<group>"; };
		5953355719EFAF6C005BD9DB /* Images.xcassets */ = {isa = PBXFileReference; lastKnownFileType = folder.assetcatalog; path = Images.xcassets; sourceTree = "<group>"; };
		5953355A19EFAF6C005BD9DB /* Base */ = {isa = PBXFileReference; lastKnownFileType = file.xib; name = Base; path = Base.lproj/LaunchScreen.xib; sourceTree = "<group>"; };
		5953356019EFAF6C005BD9DB /* AddrManagerTests.xctest */ = {isa = PBXFileReference; explicitFileType = wrapper.cfbundle; includeInIndex = 0; path = AddrManagerTests.xctest; sourceTree = BUILT_PRODUCTS_DIR; };
		5953356519EFAF6C005BD9DB /* Info.plist */ = {isa = PBXFileReference; lastKnownFileType = text.plist.xml; path = Info.plist; sourceTree = "<group>"; };
		5953356619EFAF6C005BD9DB /* AddrManagerTests.swift */ = {isa = PBXFileReference; lastKnownFileType = sourcecode.swift; path = AddrManagerTests.swift; sourceTree = "<group>"; };
		5953357019EFC1D0005BD9DB /* MyProfileViewController.swift */ = {isa = PBXFileReference; fileEncoding = 4; lastKnownFileType = sourcecode.swift; path = MyProfileViewController.swift; sourceTree = "<group>"; };
		59577E4A19F6487B00F0CB36 /* SwiftyJSON.swift */ = {isa = PBXFileReference; fileEncoding = 4; lastKnownFileType = sourcecode.swift; path = SwiftyJSON.swift; sourceTree = "<group>"; };
		59FB0C6C19F644E8003FACC1 /* SwiftyJSON.h */ = {isa = PBXFileReference; lastKnownFileType = sourcecode.c.h; path = SwiftyJSON.h; sourceTree = "<group>"; };
/* End PBXFileReference section */

/* Begin PBXFrameworksBuildPhase section */
		5953354619EFAF6B005BD9DB /* Frameworks */ = {
			isa = PBXFrameworksBuildPhase;
			buildActionMask = 2147483647;
			files = (
			);
			runOnlyForDeploymentPostprocessing = 0;
		};
		5953355D19EFAF6C005BD9DB /* Frameworks */ = {
			isa = PBXFrameworksBuildPhase;
			buildActionMask = 2147483647;
			files = (
			);
			runOnlyForDeploymentPostprocessing = 0;
		};
/* End PBXFrameworksBuildPhase section */

/* Begin PBXGroup section */
		5953354019EFAF6B005BD9DB = {
			isa = PBXGroup;
			children = (
				5953354B19EFAF6B005BD9DB /* AddrManager */,
				5953356319EFAF6C005BD9DB /* AddrManagerTests */,
				5953354A19EFAF6B005BD9DB /* Products */,
			);
			sourceTree = "<group>";
		};
		5953354A19EFAF6B005BD9DB /* Products */ = {
			isa = PBXGroup;
			children = (
				5953354919EFAF6B005BD9DB /* AddrManager.app */,
				5953356019EFAF6C005BD9DB /* AddrManagerTests.xctest */,
			);
			name = Products;
			sourceTree = "<group>";
		};
		5953354B19EFAF6B005BD9DB /* AddrManager */ = {
			isa = PBXGroup;
			children = (
				5953354E19EFAF6B005BD9DB /* AppDelegate.swift */,
				5953355019EFAF6B005BD9DB /* contactlistViewController.swift */,
				5953355219EFAF6B005BD9DB /* SecondViewController.swift */,
				5953357019EFC1D0005BD9DB /* MyProfileViewController.swift */,
				5922E41519F2C1B900EA873F /* MyProfileEditViewController.swift */,
				5953355419EFAF6C005BD9DB /* Main.storyboard */,
				5953355719EFAF6C005BD9DB /* Images.xcassets */,
				5953355919EFAF6C005BD9DB /* LaunchScreen.xib */,
				5953354C19EFAF6B005BD9DB /* Supporting Files */,
				5922E3DE19F2655700EA873F /* DataFile.swift */,
			);
			path = AddrManager;
			sourceTree = "<group>";
		};
		5953354C19EFAF6B005BD9DB /* Supporting Files */ = {
			isa = PBXGroup;
			children = (
				59FB0C6C19F644E8003FACC1 /* SwiftyJSON.h */,
				59577E4A19F6487B00F0CB36 /* SwiftyJSON.swift */,
				5953354D19EFAF6B005BD9DB /* Info.plist */,
			);
			name = "Supporting Files";
			sourceTree = "<group>";
		};
		5953356319EFAF6C005BD9DB /* AddrManagerTests */ = {
			isa = PBXGroup;
			children = (
				5953356619EFAF6C005BD9DB /* AddrManagerTests.swift */,
				5953356419EFAF6C005BD9DB /* Supporting Files */,
			);
			path = AddrManagerTests;
			sourceTree = "<group>";
		};
		5953356419EFAF6C005BD9DB /* Supporting Files */ = {
			isa = PBXGroup;
			children = (
				5953356519EFAF6C005BD9DB /* Info.plist */,
			);
			name = "Supporting Files";
			sourceTree = "<group>";
		};
/* End PBXGroup section */

/* Begin PBXNativeTarget section */
		5953354819EFAF6B005BD9DB /* AddrManager */ = {
			isa = PBXNativeTarget;
			buildConfigurationList = 5953356A19EFAF6C005BD9DB /* Build configuration list for PBXNativeTarget "AddrManager" */;
			buildPhases = (
				5953354519EFAF6B005BD9DB /* Sources */,
				5953354619EFAF6B005BD9DB /* Frameworks */,
				5953354719EFAF6B005BD9DB /* Resources */,
			);
			buildRules = (
			);
			dependencies = (
			);
			name = AddrManager;
			productName = AddrManager;
			productReference = 5953354919EFAF6B005BD9DB /* AddrManager.app */;
			productType = "com.apple.product-type.application";
		};
		5953355F19EFAF6C005BD9DB /* AddrManagerTests */ = {
			isa = PBXNativeTarget;
			buildConfigurationList = 5953356D19EFAF6C005BD9DB /* Build configuration list for PBXNativeTarget "AddrManagerTests" */;
			buildPhases = (
				5953355C19EFAF6C005BD9DB /* Sources */,
				5953355D19EFAF6C005BD9DB /* Frameworks */,
				5953355E19EFAF6C005BD9DB /* Resources */,
			);
			buildRules = (
			);
			dependencies = (
				5953356219EFAF6C005BD9DB /* PBXTargetDependency */,
			);
			name = AddrManagerTests;
			productName = AddrManagerTests;
			productReference = 5953356019EFAF6C005BD9DB /* AddrManagerTests.xctest */;
			productType = "com.apple.product-type.bundle.unit-test";
		};
/* End PBXNativeTarget section */

/* Begin PBXProject section */
		5953354119EFAF6B005BD9DB /* Project object */ = {
			isa = PBXProject;
			attributes = {
				LastUpgradeCheck = 0600;
				ORGANIZATIONNAME = "Martini Wang";
				TargetAttributes = {
					5953354819EFAF6B005BD9DB = {
						CreatedOnToolsVersion = 6.0.1;
					};
					5953355F19EFAF6C005BD9DB = {
						CreatedOnToolsVersion = 6.0.1;
						TestTargetID = 5953354819EFAF6B005BD9DB;
					};
				};
			};
			buildConfigurationList = 5953354419EFAF6B005BD9DB /* Build configuration list for PBXProject "AddrManager" */;
			compatibilityVersion = "Xcode 3.2";
			developmentRegion = English;
			hasScannedForEncodings = 0;
			knownRegions = (
				en,
				Base,
			);
			mainGroup = 5953354019EFAF6B005BD9DB;
			productRefGroup = 5953354A19EFAF6B005BD9DB /* Products */;
			projectDirPath = "";
			projectRoot = "";
			targets = (
				5953354819EFAF6B005BD9DB /* AddrManager */,
				5953355F19EFAF6C005BD9DB /* AddrManagerTests */,
			);
		};
/* End PBXProject section */

/* Begin PBXResourcesBuildPhase section */
		5953354719EFAF6B005BD9DB /* Resources */ = {
			isa = PBXResourcesBuildPhase;
			buildActionMask = 2147483647;
			files = (
				5953355619EFAF6C005BD9DB /* Main.storyboard in Resources */,
				5953355B19EFAF6C005BD9DB /* LaunchScreen.xib in Resources */,
				5953355819EFAF6C005BD9DB /* Images.xcassets in Resources */,
			);
			runOnlyForDeploymentPostprocessing = 0;
		};
		5953355E19EFAF6C005BD9DB /* Resources */ = {
			isa = PBXResourcesBuildPhase;
			buildActionMask = 2147483647;
			files = (
			);
			runOnlyForDeploymentPostprocessing = 0;
		};
/* End PBXResourcesBuildPhase section */

/* Begin PBXSourcesBuildPhase section */
		5953354519EFAF6B005BD9DB /* Sources */ = {
			isa = PBXSourcesBuildPhase;
			buildActionMask = 2147483647;
			files = (
				5944869D19FA32E8005561A2 /* DataFile.swift in Sources */,
				5922E41619F2C1B900EA873F /* MyProfileEditViewController.swift in Sources */,
				5953355319EFAF6B005BD9DB /* SecondViewController.swift in Sources */,
				5953354F19EFAF6B005BD9DB /* AppDelegate.swift in Sources */,
				5953357119EFC1D0005BD9DB /* MyProfileViewController.swift in Sources */,
				59577E4B19F6487B00F0CB36 /* SwiftyJSON.swift in Sources */,
				5953355119EFAF6B005BD9DB /* contactlistViewController.swift in Sources */,
			);
			runOnlyForDeploymentPostprocessing = 0;
		};
		5953355C19EFAF6C005BD9DB /* Sources */ = {
			isa = PBXSourcesBuildPhase;
			buildActionMask = 2147483647;
			files = (
				5953356719EFAF6C005BD9DB /* AddrManagerTests.swift in Sources */,
			);
			runOnlyForDeploymentPostprocessing = 0;
		};
/* End PBXSourcesBuildPhase section */

/* Begin PBXTargetDependency section */
		5953356219EFAF6C005BD9DB /* PBXTargetDependency */ = {
			isa = PBXTargetDependency;
			target = 5953354819EFAF6B005BD9DB /* AddrManager */;
			targetProxy = 5953356119EFAF6C005BD9DB /* PBXContainerItemProxy */;
		};
/* End PBXTargetDependency section */

/* Begin PBXVariantGroup section */
		5953355419EFAF6C005BD9DB /* Main.storyboard */ = {
			isa = PBXVariantGroup;
			children = (
				5953355519EFAF6C005BD9DB /* Base */,
			);
			name = Main.storyboard;
			sourceTree = "<group>";
		};
		5953355919EFAF6C005BD9DB /* LaunchScreen.xib */ = {
			isa = PBXVariantGroup;
			children = (
				5953355A19EFAF6C005BD9DB /* Base */,
			);
			name = LaunchScreen.xib;
			sourceTree = "<group>";
		};
/* End PBXVariantGroup section */

/* Begin XCBuildConfiguration section */
		5953356819EFAF6C005BD9DB /* Debug */ = {
			isa = XCBuildConfiguration;
			buildSettings = {
				ALWAYS_SEARCH_USER_PATHS = NO;
				CLANG_CXX_LANGUAGE_STANDARD = "gnu++0x";
				CLANG_CXX_LIBRARY = "libc++";
				CLANG_ENABLE_MODULES = YES;
				CLANG_ENABLE_OBJC_ARC = YES;
				CLANG_WARN_BOOL_CONVERSION = YES;
				CLANG_WARN_CONSTANT_CONVERSION = YES;
				CLANG_WARN_DIRECT_OBJC_ISA_USAGE = YES_ERROR;
				CLANG_WARN_EMPTY_BODY = YES;
				CLANG_WARN_ENUM_CONVERSION = YES;
				CLANG_WARN_INT_CONVERSION = YES;
				CLANG_WARN_OBJC_ROOT_CLASS = YES_ERROR;
				CLANG_WARN_UNREACHABLE_CODE = YES;
				CLANG_WARN__DUPLICATE_METHOD_MATCH = YES;
				"CODE_SIGN_IDENTITY[sdk=iphoneos*]" = "iPhone Developer";
				COPY_PHASE_STRIP = NO;
				ENABLE_STRICT_OBJC_MSGSEND = YES;
				GCC_C_LANGUAGE_STANDARD = gnu99;
				GCC_DYNAMIC_NO_PIC = NO;
				GCC_OPTIMIZATION_LEVEL = 0;
				GCC_PREPROCESSOR_DEFINITIONS = (
					"DEBUG=1",
					"$(inherited)",
				);
				GCC_SYMBOLS_PRIVATE_EXTERN = NO;
				GCC_WARN_64_TO_32_BIT_CONVERSION = YES;
				GCC_WARN_ABOUT_RETURN_TYPE = YES_ERROR;
				GCC_WARN_UNDECLARED_SELECTOR = YES;
				GCC_WARN_UNINITIALIZED_AUTOS = YES_AGGRESSIVE;
				GCC_WARN_UNUSED_FUNCTION = YES;
				GCC_WARN_UNUSED_VARIABLE = YES;
				IPHONEOS_DEPLOYMENT_TARGET = 8.0;
				MTL_ENABLE_DEBUG_INFO = YES;
				ONLY_ACTIVE_ARCH = YES;
				SDKROOT = iphoneos;
				SWIFT_OPTIMIZATION_LEVEL = "-Onone";
			};
			name = Debug;
		};
		5953356919EFAF6C005BD9DB /* Release */ = {
			isa = XCBuildConfiguration;
			buildSettings = {
				ALWAYS_SEARCH_USER_PATHS = NO;
				CLANG_CXX_LANGUAGE_STANDARD = "gnu++0x";
				CLANG_CXX_LIBRARY = "libc++";
				CLANG_ENABLE_MODULES = YES;
				CLANG_ENABLE_OBJC_ARC = YES;
				CLANG_WARN_BOOL_CONVERSION = YES;
				CLANG_WARN_CONSTANT_CONVERSION = YES;
				CLANG_WARN_DIRECT_OBJC_ISA_USAGE = YES_ERROR;
				CLANG_WARN_EMPTY_BODY = YES;
				CLANG_WARN_ENUM_CONVERSION = YES;
				CLANG_WARN_INT_CONVERSION = YES;
				CLANG_WARN_OBJC_ROOT_CLASS = YES_ERROR;
				CLANG_WARN_UNREACHABLE_CODE = YES;
				CLANG_WARN__DUPLICATE_METHOD_MATCH = YES;
				"CODE_SIGN_IDENTITY[sdk=iphoneos*]" = "iPhone Developer";
				COPY_PHASE_STRIP = YES;
				ENABLE_NS_ASSERTIONS = NO;
				ENABLE_STRICT_OBJC_MSGSEND = YES;
				GCC_C_LANGUAGE_STANDARD = gnu99;
				GCC_WARN_64_TO_32_BIT_CONVERSION = YES;
				GCC_WARN_ABOUT_RETURN_TYPE = YES_ERROR;
				GCC_WARN_UNDECLARED_SELECTOR = YES;
				GCC_WARN_UNINITIALIZED_AUTOS = YES_AGGRESSIVE;
				GCC_WARN_UNUSED_FUNCTION = YES;
				GCC_WARN_UNUSED_VARIABLE = YES;
				IPHONEOS_DEPLOYMENT_TARGET = 8.0;
				MTL_ENABLE_DEBUG_INFO = NO;
				SDKROOT = iphoneos;
				VALIDATE_PRODUCT = YES;
			};
			name = Release;
		};
		5953356B19EFAF6C005BD9DB /* Debug */ = {
			isa = XCBuildConfiguration;
			buildSettings = {
				ASSETCATALOG_COMPILER_APPICON_NAME = AppIcon;
				INFOPLIST_FILE = AddrManager/Info.plist;
				IPHONEOS_DEPLOYMENT_TARGET = 7.0;
				LD_RUNPATH_SEARCH_PATHS = "$(inherited) @executable_path/Frameworks";
				PRODUCT_NAME = "$(TARGET_NAME)";
				SWIFT_OBJC_BRIDGING_HEADER = "";
				TARGETED_DEVICE_FAMILY = 1;
			};
			name = Debug;
		};
		5953356C19EFAF6C005BD9DB /* Release */ = {
			isa = XCBuildConfiguration;
			buildSettings = {
				ASSETCATALOG_COMPILER_APPICON_NAME = AppIcon;
				INFOPLIST_FILE = AddrManager/Info.plist;
				IPHONEOS_DEPLOYMENT_TARGET = 7.0;
				LD_RUNPATH_SEARCH_PATHS = "$(inherited) @executable_path/Frameworks";
				PRODUCT_NAME = "$(TARGET_NAME)";
				SWIFT_OBJC_BRIDGING_HEADER = "";
				TARGETED_DEVICE_FAMILY = 1;
			};
			name = Release;
		};
		5953356E19EFAF6C005BD9DB /* Debug */ = {
			isa = XCBuildConfiguration;
			buildSettings = {
				BUNDLE_LOADER = "$(TEST_HOST)";
				FRAMEWORK_SEARCH_PATHS = (
					"$(SDKROOT)/Developer/Library/Frameworks",
					"$(inherited)",
				);
				GCC_PREPROCESSOR_DEFINITIONS = (
					"DEBUG=1",
					"$(inherited)",
				);
				INFOPLIST_FILE = AddrManagerTests/Info.plist;
				LD_RUNPATH_SEARCH_PATHS = "$(inherited) @executable_path/Frameworks @loader_path/Frameworks";
				PRODUCT_NAME = "$(TARGET_NAME)";
				TEST_HOST = "$(BUILT_PRODUCTS_DIR)/AddrManager.app/AddrManager";
			};
			name = Debug;
		};
		5953356F19EFAF6C005BD9DB /* Release */ = {
			isa = XCBuildConfiguration;
			buildSettings = {
				BUNDLE_LOADER = "$(TEST_HOST)";
				FRAMEWORK_SEARCH_PATHS = (
					"$(SDKROOT)/Developer/Library/Frameworks",
					"$(inherited)",
				);
				INFOPLIST_FILE = AddrManagerTests/Info.plist;
				LD_RUNPATH_SEARCH_PATHS = "$(inherited) @executable_path/Frameworks @loader_path/Frameworks";
				PRODUCT_NAME = "$(TARGET_NAME)";
				TEST_HOST = "$(BUILT_PRODUCTS_DIR)/AddrManager.app/AddrManager";
			};
			name = Release;
		};
/* End XCBuildConfiguration section */

/* Begin XCConfigurationList section */
		5953354419EFAF6B005BD9DB /* Build configuration list for PBXProject "AddrManager" */ = {
			isa = XCConfigurationList;
			buildConfigurations = (
				5953356819EFAF6C005BD9DB /* Debug */,
				5953356919EFAF6C005BD9DB /* Release */,
			);
			defaultConfigurationIsVisible = 0;
			defaultConfigurationName = Release;
		};
		5953356A19EFAF6C005BD9DB /* Build configuration list for PBXNativeTarget "AddrManager" */ = {
			isa = XCConfigurationList;
			buildConfigurations = (
				5953356B19EFAF6C005BD9DB /* Debug */,
				5953356C19EFAF6C005BD9DB /* Release */,
			);
			defaultConfigurationIsVisible = 0;
			defaultConfigurationName = Release;
		};
		5953356D19EFAF6C005BD9DB /* Build configuration list for PBXNativeTarget "AddrManagerTests" */ = {
			isa = XCConfigurationList;
			buildConfigurations = (
				5953356E19EFAF6C005BD9DB /* Debug */,
				5953356F19EFAF6C005BD9DB /* Release */,
			);
			defaultConfigurationIsVisible = 0;
			defaultConfigurationName = Release;
		};
/* End XCConfigurationList section */
	};
	rootObject = 5953354119EFAF6B005BD9DB /* Project object */;
}
